
Microsoft Visual Studio Solution File, Format Version 12.00
# Visual Studio Version 17
VisualStudioVersion = 17.7.34031.279
MinimumVisualStudioVersion = 10.0.40219.1
Project("{FAE04EC0-301F-11D3-BF4B-00C04F79EFBC}") = "TimingSystem", "TimingSystem.csproj", "{343A543B-283D-417E-A5CB-3292F5F305E0}"
EndProject
Global
	GlobalSection(SolutionConfigurationPlatforms) = preSolution
		Debug|Any CPU = Debug|Any CPU
		Release|Any CPU = Release|Any CPU
	EndGlobalSection
	GlobalSection(ProjectConfigurationPlatforms) = postSolution
		{343A543B-283D-417E-A5CB-3292F5F305E0}.Debug|Any CPU.ActiveCfg = Debug|Any CPU
		{343A543B-283D-417E-A5CB-3292F5F305E0}.Debug|Any CPU.Build.0 = Debug|Any CPU
		{343A543B-283D-417E-A5CB-3292F5F305E0}.Release|Any CPU.ActiveCfg = Release|Any CPU
		{343A543B-283D-417E-A5CB-3292F5F305E0}.Release|Any CPU.Build.0 = Release|Any CPU
	EndGlobalSection
	GlobalSection(SolutionProperties) = preSolution
		HideSolutionNode = FALSE
	EndGlobalSection
	GlobalSection(ExtensibilityGlobals) = postSolution
		SolutionGuid = {0DFB80A8-87A4-455C-A864-674D5B69E349}
	EndGlobalSection
EndGlobal
