
Microsoft Visual Studio Solution File, Format Version 12.00
# Visual Studio Version 17
VisualStudioVersion = 17.7.34031.279
MinimumVisualStudioVersion = 10.0.40219.1
Project("{FAE04EC0-301F-11D3-BF4B-00C04F79EFBC}") = "Exercise_2_4", "Exercise_2_4.csproj", "{FF2B8637-A58A-4C3D-83EC-B8D6D50CCBF2}"
EndProject
Global
	GlobalSection(SolutionConfigurationPlatforms) = preSolution
		Debug|Any CPU = Debug|Any CPU
		Release|Any CPU = Release|Any CPU
	EndGlobalSection
	GlobalSection(ProjectConfigurationPlatforms) = postSolution
		{FF2B8637-A58A-4C3D-83EC-B8D6D50CCBF2}.Debug|Any CPU.ActiveCfg = Debug|Any CPU
		{FF2B8637-A58A-4C3D-83EC-B8D6D50CCBF2}.Debug|Any CPU.Build.0 = Debug|Any CPU
		{FF2B8637-A58A-4C3D-83EC-B8D6D50CCBF2}.Release|Any CPU.ActiveCfg = Release|Any CPU
		{FF2B8637-A58A-4C3D-83EC-B8D6D50CCBF2}.Release|Any CPU.Build.0 = Release|Any CPU
	EndGlobalSection
	GlobalSection(SolutionProperties) = preSolution
		HideSolutionNode = FALSE
	EndGlobalSection
	GlobalSection(ExtensibilityGlobals) = postSolution
		SolutionGuid = {29D53B69-EFFA-4DC0-8C90-54429B337355}
	EndGlobalSection
EndGlobal
